
Microsoft Visual Studio Solution File, Format Version 12.00
# Visual Studio Version 17
VisualStudioVersion = 17.3.32922.545
MinimumVisualStudioVersion = 10.0.40219.1
Project("{FAE04EC0-301F-11D3-BF4B-00C04F79EFBC}") = "SescriptiveStatics", "SescriptiveStatics.csproj", "{58A3A396-A6AD-4EB5-9F54-4B8CBE89B936}"
EndProject
Global
	GlobalSection(SolutionConfigurationPlatforms) = preSolution
		Debug|Any CPU = Debug|Any CPU
		Release|Any CPU = Release|Any CPU
	EndGlobalSection
	GlobalSection(ProjectConfigurationPlatforms) = postSolution
		{58A3A396-A6AD-4EB5-9F54-4B8CBE89B936}.Debug|Any CPU.ActiveCfg = Debug|Any CPU
		{58A3A396-A6AD-4EB5-9F54-4B8CBE89B936}.Debug|Any CPU.Build.0 = Debug|Any CPU
		{58A3A396-A6AD-4EB5-9F54-4B8CBE89B936}.Release|Any CPU.ActiveCfg = Release|Any CPU
		{58A3A396-A6AD-4EB5-9F54-4B8CBE89B936}.Release|Any CPU.Build.0 = Release|Any CPU
	EndGlobalSection
	GlobalSection(SolutionProperties) = preSolution
		HideSolutionNode = FALSE
	EndGlobalSection
	GlobalSection(ExtensibilityGlobals) = postSolution
		SolutionGuid = {65EDAEAF-E340-43AB-A67B-804FFF3D65EF}
	EndGlobalSection
EndGlobal
